
Microsoft Visual Studio Solution File, Format Version 12.00
# Visual Studio 15
VisualStudioVersion = 15.0.28010.2036
MinimumVisualStudioVersion = 10.0.40219.1
Project("{9A19103F-16F7-4668-BE54-9A1E7A4F7556}") = "PrismAppSample", "PrismAppSample\PrismAppSample\PrismAppSample.csproj", "{F8C081D0-701C-4C4A-8B5E-C3D599BDF91D}"
EndProject
Project("{FAE04EC0-301F-11D3-BF4B-00C04F79EFBC}") = "PrismAppSample.Android", "PrismAppSample\PrismAppSample.Android\PrismAppSample.Android.csproj", "{F8C68155-53C9-41FC-857D-BAF7F4A096BB}"
EndProject
Project("{FAE04EC0-301F-11D3-BF4B-00C04F79EFBC}") = "PrismAppSample.iOS", "PrismAppSample\PrismAppSample.iOS\PrismAppSample.iOS.csproj", "{89B4A125-A082-4592-81BC-E6DF633AB16C}"
EndProject
Project("{FAE04EC0-301F-11D3-BF4B-00C04F79EFBC}") = "PrismAppSample.UWP", "PrismAppSample\PrismAppSample.UWP\PrismAppSample.UWP.csproj", "{A6782BC6-9FEB-4A63-ADB8-6284E2E218BB}"
EndProject
Global
	GlobalSection(SolutionConfigurationPlatforms) = preSolution
		Ad-Hoc|Any CPU = Ad-Hoc|Any CPU
		Ad-Hoc|ARM = Ad-Hoc|ARM
		Ad-Hoc|iPhone = Ad-Hoc|iPhone
		Ad-Hoc|iPhoneSimulator = Ad-Hoc|iPhoneSimulator
		Ad-Hoc|x64 = Ad-Hoc|x64
		Ad-Hoc|x86 = Ad-Hoc|x86
		AppStore|Any CPU = AppStore|Any CPU
		AppStore|ARM = AppStore|ARM
		AppStore|iPhone = AppStore|iPhone
		AppStore|iPhoneSimulator = AppStore|iPhoneSimulator
		AppStore|x64 = AppStore|x64
		AppStore|x86 = AppStore|x86
		Debug|Any CPU = Debug|Any CPU
		Debug|ARM = Debug|ARM
		Debug|iPhone = Debug|iPhone
		Debug|iPhoneSimulator = Debug|iPhoneSimulator
		Debug|x64 = Debug|x64
		Debug|x86 = Debug|x86
		Release|Any CPU = Release|Any CPU
		Release|ARM = Release|ARM
		Release|iPhone = Release|iPhone
		Release|iPhoneSimulator = Release|iPhoneSimulator
		Release|x64 = Release|x64
		Release|x86 = Release|x86
	EndGlobalSection
	GlobalSection(ProjectConfigurationPlatforms) = postSolution
		{F8C081D0-701C-4C4A-8B5E-C3D599BDF91D}.Ad-Hoc|Any CPU.ActiveCfg = Debug|Any CPU
		{F8C081D0-701C-4C4A-8B5E-C3D599BDF91D}.Ad-Hoc|Any CPU.Build.0 = Debug|Any CPU
		{F8C081D0-701C-4C4A-8B5E-C3D599BDF91D}.Ad-Hoc|ARM.ActiveCfg = Debug|Any CPU
		{F8C081D0-701C-4C4A-8B5E-C3D599BDF91D}.Ad-Hoc|ARM.Build.0 = Debug|Any CPU
		{F8C081D0-701C-4C4A-8B5E-C3D599BDF91D}.Ad-Hoc|iPhone.ActiveCfg = Debug|Any CPU
		{F8C081D0-701C-4C4A-8B5E-C3D599BDF91D}.Ad-Hoc|iPhone.Build.0 = Debug|Any CPU
		{F8C081D0-701C-4C4A-8B5E-C3D599BDF91D}.Ad-Hoc|iPhoneSimulator.ActiveCfg = Debug|Any CPU
		{F8C081D0-701C-4C4A-8B5E-C3D599BDF91D}.Ad-Hoc|iPhoneSimulator.Build.0 = Debug|Any CPU
		{F8C081D0-701C-4C4A-8B5E-C3D599BDF91D}.Ad-Hoc|x64.ActiveCfg = Debug|Any CPU
		{F8C081D0-701C-4C4A-8B5E-C3D599BDF91D}.Ad-Hoc|x64.Build.0 = Debug|Any CPU
		{F8C081D0-701C-4C4A-8B5E-C3D599BDF91D}.Ad-Hoc|x86.ActiveCfg = Debug|Any CPU
		{F8C081D0-701C-4C4A-8B5E-C3D599BDF91D}.Ad-Hoc|x86.Build.0 = Debug|Any CPU
		{F8C081D0-701C-4C4A-8B5E-C3D599BDF91D}.AppStore|Any CPU.ActiveCfg = Debug|Any CPU
		{F8C081D0-701C-4C4A-8B5E-C3D599BDF91D}.AppStore|Any CPU.Build.0 = Debug|Any CPU
		{F8C081D0-701C-4C4A-8B5E-C3D599BDF91D}.AppStore|ARM.ActiveCfg = Debug|Any CPU
		{F8C081D0-701C-4C4A-8B5E-C3D599BDF91D}.AppStore|ARM.Build.0 = Debug|Any CPU
		{F8C081D0-701C-4C4A-8B5E-C3D599BDF91D}.AppStore|iPhone.ActiveCfg = Debug|Any CPU
		{F8C081D0-701C-4C4A-8B5E-C3D599BDF91D}.AppStore|iPhone.Build.0 = Debug|Any CPU
		{F8C081D0-701C-4C4A-8B5E-C3D599BDF91D}.AppStore|iPhoneSimulator.ActiveCfg = Debug|Any CPU
		{F8C081D0-701C-4C4A-8B5E-C3D599BDF91D}.AppStore|iPhoneSimulator.Build.0 = Debug|Any CPU
		{F8C081D0-701C-4C4A-8B5E-C3D599BDF91D}.AppStore|x64.ActiveCfg = Debug|Any CPU
		{F8C081D0-701C-4C4A-8B5E-C3D599BDF91D}.AppStore|x64.Build.0 = Debug|Any CPU
		{F8C081D0-701C-4C4A-8B5E-C3D599BDF91D}.AppStore|x86.ActiveCfg = Debug|Any CPU
		{F8C081D0-701C-4C4A-8B5E-C3D599BDF91D}.AppStore|x86.Build.0 = Debug|Any CPU
		{F8C081D0-701C-4C4A-8B5E-C3D599BDF91D}.Debug|Any CPU.ActiveCfg = Debug|Any CPU
		{F8C081D0-701C-4C4A-8B5E-C3D599BDF91D}.Debug|Any CPU.Build.0 = Debug|Any CPU
		{F8C081D0-701C-4C4A-8B5E-C3D599BDF91D}.Debug|ARM.ActiveCfg = Debug|Any CPU
		{F8C081D0-701C-4C4A-8B5E-C3D599BDF91D}.Debug|ARM.Build.0 = Debug|Any CPU
		{F8C081D0-701C-4C4A-8B5E-C3D599BDF91D}.Debug|iPhone.ActiveCfg = Debug|Any CPU
		{F8C081D0-701C-4C4A-8B5E-C3D599BDF91D}.Debug|iPhone.Build.0 = Debug|Any CPU
		{F8C081D0-701C-4C4A-8B5E-C3D599BDF91D}.Debug|iPhoneSimulator.ActiveCfg = Debug|Any CPU
		{F8C081D0-701C-4C4A-8B5E-C3D599BDF91D}.Debug|iPhoneSimulator.Build.0 = Debug|Any CPU
		{F8C081D0-701C-4C4A-8B5E-C3D599BDF91D}.Debug|x64.ActiveCfg = Debug|Any CPU
		{F8C081D0-701C-4C4A-8B5E-C3D599BDF91D}.Debug|x64.Build.0 = Debug|Any CPU
		{F8C081D0-701C-4C4A-8B5E-C3D599BDF91D}.Debug|x86.ActiveCfg = Debug|Any CPU
		{F8C081D0-701C-4C4A-8B5E-C3D599BDF91D}.Debug|x86.Build.0 = Debug|Any CPU
		{F8C081D0-701C-4C4A-8B5E-C3D599BDF91D}.Release|Any CPU.ActiveCfg = Release|Any CPU
		{F8C081D0-701C-4C4A-8B5E-C3D599BDF91D}.Release|Any CPU.Build.0 = Release|Any CPU
		{F8C081D0-701C-4C4A-8B5E-C3D599BDF91D}.Release|ARM.ActiveCfg = Release|Any CPU
		{F8C081D0-701C-4C4A-8B5E-C3D599BDF91D}.Release|ARM.Build.0 = Release|Any CPU
		{F8C081D0-701C-4C4A-8B5E-C3D599BDF91D}.Release|iPhone.ActiveCfg = Release|Any CPU
		{F8C081D0-701C-4C4A-8B5E-C3D599BDF91D}.Release|iPhone.Build.0 = Release|Any CPU
		{F8C081D0-701C-4C4A-8B5E-C3D599BDF91D}.Release|iPhoneSimulator.ActiveCfg = Release|Any CPU
		{F8C081D0-701C-4C4A-8B5E-C3D599BDF91D}.Release|iPhoneSimulator.Build.0 = Release|Any CPU
		{F8C081D0-701C-4C4A-8B5E-C3D599BDF91D}.Release|x64.ActiveCfg = Release|Any CPU
		{F8C081D0-701C-4C4A-8B5E-C3D599BDF91D}.Release|x64.Build.0 = Release|Any CPU
		{F8C081D0-701C-4C4A-8B5E-C3D599BDF91D}.Release|x86.ActiveCfg = Release|Any CPU
		{F8C081D0-701C-4C4A-8B5E-C3D599BDF91D}.Release|x86.Build.0 = Release|Any CPU
		{F8C68155-53C9-41FC-857D-BAF7F4A096BB}.Ad-Hoc|Any CPU.ActiveCfg = Release|Any CPU
		{F8C68155-53C9-41FC-857D-BAF7F4A096BB}.Ad-Hoc|Any CPU.Build.0 = Release|Any CPU
		{F8C68155-53C9-41FC-857D-BAF7F4A096BB}.Ad-Hoc|Any CPU.Deploy.0 = Release|Any CPU
		{F8C68155-53C9-41FC-857D-BAF7F4A096BB}.Ad-Hoc|ARM.ActiveCfg = Release|Any CPU
		{F8C68155-53C9-41FC-857D-BAF7F4A096BB}.Ad-Hoc|ARM.Build.0 = Release|Any CPU
		{F8C68155-53C9-41FC-857D-BAF7F4A096BB}.Ad-Hoc|ARM.Deploy.0 = Release|Any CPU
		{F8C68155-53C9-41FC-857D-BAF7F4A096BB}.Ad-Hoc|iPhone.ActiveCfg = Release|Any CPU
		{F8C68155-53C9-41FC-857D-BAF7F4A096BB}.Ad-Hoc|iPhone.Build.0 = Release|Any CPU
		{F8C68155-53C9-41FC-857D-BAF7F4A096BB}.Ad-Hoc|iPhone.Deploy.0 = Release|Any CPU
		{F8C68155-53C9-41FC-857D-BAF7F4A096BB}.Ad-Hoc|iPhoneSimulator.ActiveCfg = Release|Any CPU
		{F8C68155-53C9-41FC-857D-BAF7F4A096BB}.Ad-Hoc|iPhoneSimulator.Build.0 = Release|Any CPU
		{F8C68155-53C9-41FC-857D-BAF7F4A096BB}.Ad-Hoc|iPhoneSimulator.Deploy.0 = Release|Any CPU
		{F8C68155-53C9-41FC-857D-BAF7F4A096BB}.Ad-Hoc|x64.ActiveCfg = Release|Any CPU
		{F8C68155-53C9-41FC-857D-BAF7F4A096BB}.Ad-Hoc|x64.Build.0 = Release|Any CPU
		{F8C68155-53C9-41FC-857D-BAF7F4A096BB}.Ad-Hoc|x64.Deploy.0 = Release|Any CPU
		{F8C68155-53C9-41FC-857D-BAF7F4A096BB}.Ad-Hoc|x86.ActiveCfg = Release|Any CPU
		{F8C68155-53C9-41FC-857D-BAF7F4A096BB}.Ad-Hoc|x86.Build.0 = Release|Any CPU
		{F8C68155-53C9-41FC-857D-BAF7F4A096BB}.Ad-Hoc|x86.Deploy.0 = Release|Any CPU
		{F8C68155-53C9-41FC-857D-BAF7F4A096BB}.AppStore|Any CPU.ActiveCfg = Release|Any CPU
		{F8C68155-53C9-41FC-857D-BAF7F4A096BB}.AppStore|Any CPU.Build.0 = Release|Any CPU
		{F8C68155-53C9-41FC-857D-BAF7F4A096BB}.AppStore|Any CPU.Deploy.0 = Release|Any CPU
		{F8C68155-53C9-41FC-857D-BAF7F4A096BB}.AppStore|ARM.ActiveCfg = Release|Any CPU
		{F8C68155-53C9-41FC-857D-BAF7F4A096BB}.AppStore|ARM.Build.0 = Release|Any CPU
		{F8C68155-53C9-41FC-857D-BAF7F4A096BB}.AppStore|ARM.Deploy.0 = Release|Any CPU
		{F8C68155-53C9-41FC-857D-BAF7F4A096BB}.AppStore|iPhone.ActiveCfg = Release|Any CPU
		{F8C68155-53C9-41FC-857D-BAF7F4A096BB}.AppStore|iPhone.Build.0 = Release|Any CPU
		{F8C68155-53C9-41FC-857D-BAF7F4A096BB}.AppStore|iPhone.Deploy.0 = Release|Any CPU
		{F8C68155-53C9-41FC-857D-BAF7F4A096BB}.AppStore|iPhoneSimulator.ActiveCfg = Release|Any CPU
		{F8C68155-53C9-41FC-857D-BAF7F4A096BB}.AppStore|iPhoneSimulator.Build.0 = Release|Any CPU
		{F8C68155-53C9-41FC-857D-BAF7F4A096BB}.AppStore|iPhoneSimulator.Deploy.0 = Release|Any CPU
		{F8C68155-53C9-41FC-857D-BAF7F4A096BB}.AppStore|x64.ActiveCfg = Release|Any CPU
		{F8C68155-53C9-41FC-857D-BAF7F4A096BB}.AppStore|x64.Build.0 = Release|Any CPU
		{F8C68155-53C9-41FC-857D-BAF7F4A096BB}.AppStore|x64.Deploy.0 = Release|Any CPU
		{F8C68155-53C9-41FC-857D-BAF7F4A096BB}.AppStore|x86.ActiveCfg = Release|Any CPU
		{F8C68155-53C9-41FC-857D-BAF7F4A096BB}.AppStore|x86.Build.0 = Release|Any CPU
		{F8C68155-53C9-41FC-857D-BAF7F4A096BB}.AppStore|x86.Deploy.0 = Release|Any CPU
		{F8C68155-53C9-41FC-857D-BAF7F4A096BB}.Debug|Any CPU.ActiveCfg = Debug|Any CPU
		{F8C68155-53C9-41FC-857D-BAF7F4A096BB}.Debug|Any CPU.Build.0 = Debug|Any CPU
		{F8C68155-53C9-41FC-857D-BAF7F4A096BB}.Debug|Any CPU.Deploy.0 = Debug|Any CPU
		{F8C68155-53C9-41FC-857D-BAF7F4A096BB}.Debug|ARM.ActiveCfg = Debug|Any CPU
		{F8C68155-53C9-41FC-857D-BAF7F4A096BB}.Debug|ARM.Build.0 = Debug|Any CPU
		{F8C68155-53C9-41FC-857D-BAF7F4A096BB}.Debug|ARM.Deploy.0 = Debug|Any CPU
		{F8C68155-53C9-41FC-857D-BAF7F4A096BB}.Debug|iPhone.ActiveCfg = Debug|Any CPU
		{F8C68155-53C9-41FC-857D-BAF7F4A096BB}.Debug|iPhone.Build.0 = Debug|Any CPU
		{F8C68155-53C9-41FC-857D-BAF7F4A096BB}.Debug|iPhone.Deploy.0 = Debug|Any CPU
		{F8C68155-53C9-41FC-857D-BAF7F4A096BB}.Debug|iPhoneSimulator.ActiveCfg = Debug|Any CPU
		{F8C68155-53C9-41FC-857D-BAF7F4A096BB}.Debug|iPhoneSimulator.Build.0 = Debug|Any CPU
		{F8C68155-53C9-41FC-857D-BAF7F4A096BB}.Debug|iPhoneSimulator.Deploy.0 = Debug|Any CPU
		{F8C68155-53C9-41FC-857D-BAF7F4A096BB}.Debug|x64.ActiveCfg = Debug|Any CPU
		{F8C68155-53C9-41FC-857D-BAF7F4A096BB}.Debug|x64.Build.0 = Debug|Any CPU
		{F8C68155-53C9-41FC-857D-BAF7F4A096BB}.Debug|x64.Deploy.0 = Debug|Any CPU
		{F8C68155-53C9-41FC-857D-BAF7F4A096BB}.Debug|x86.ActiveCfg = Debug|Any CPU
		{F8C68155-53C9-41FC-857D-BAF7F4A096BB}.Debug|x86.Build.0 = Debug|Any CPU
		{F8C68155-53C9-41FC-857D-BAF7F4A096BB}.Debug|x86.Deploy.0 = Debug|Any CPU
		{F8C68155-53C9-41FC-857D-BAF7F4A096BB}.Release|Any CPU.ActiveCfg = Release|Any CPU
		{F8C68155-53C9-41FC-857D-BAF7F4A096BB}.Release|Any CPU.Build.0 = Release|Any CPU
		{F8C68155-53C9-41FC-857D-BAF7F4A096BB}.Release|Any CPU.Deploy.0 = Release|Any CPU
		{F8C68155-53C9-41FC-857D-BAF7F4A096BB}.Release|ARM.ActiveCfg = Release|Any CPU
		{F8C68155-53C9-41FC-857D-BAF7F4A096BB}.Release|ARM.Build.0 = Release|Any CPU
		{F8C68155-53C9-41FC-857D-BAF7F4A096BB}.Release|ARM.Deploy.0 = Release|Any CPU
		{F8C68155-53C9-41FC-857D-BAF7F4A096BB}.Release|iPhone.ActiveCfg = Release|Any CPU
		{F8C68155-53C9-41FC-857D-BAF7F4A096BB}.Release|iPhone.Build.0 = Release|Any CPU
		{F8C68155-53C9-41FC-857D-BAF7F4A096BB}.Release|iPhone.Deploy.0 = Release|Any CPU
		{F8C68155-53C9-41FC-857D-BAF7F4A096BB}.Release|iPhoneSimulator.ActiveCfg = Release|Any CPU
		{F8C68155-53C9-41FC-857D-BAF7F4A096BB}.Release|iPhoneSimulator.Build.0 = Release|Any CPU
		{F8C68155-53C9-41FC-857D-BAF7F4A096BB}.Release|iPhoneSimulator.Deploy.0 = Release|Any CPU
		{F8C68155-53C9-41FC-857D-BAF7F4A096BB}.Release|x64.ActiveCfg = Release|Any CPU
		{F8C68155-53C9-41FC-857D-BAF7F4A096BB}.Release|x64.Build.0 = Release|Any CPU
		{F8C68155-53C9-41FC-857D-BAF7F4A096BB}.Release|x64.Deploy.0 = Release|Any CPU
		{F8C68155-53C9-41FC-857D-BAF7F4A096BB}.Release|x86.ActiveCfg = Release|Any CPU
		{F8C68155-53C9-41FC-857D-BAF7F4A096BB}.Release|x86.Build.0 = Release|Any CPU
		{F8C68155-53C9-41FC-857D-BAF7F4A096BB}.Release|x86.Deploy.0 = Release|Any CPU
		{89B4A125-A082-4592-81BC-E6DF633AB16C}.Ad-Hoc|Any CPU.ActiveCfg = Ad-Hoc|iPhone
		{89B4A125-A082-4592-81BC-E6DF633AB16C}.Ad-Hoc|ARM.ActiveCfg = Ad-Hoc|iPhone
		{89B4A125-A082-4592-81BC-E6DF633AB16C}.Ad-Hoc|iPhone.ActiveCfg = Ad-Hoc|iPhone
		{89B4A125-A082-4592-81BC-E6DF633AB16C}.Ad-Hoc|iPhone.Build.0 = Ad-Hoc|iPhone
		{89B4A125-A082-4592-81BC-E6DF633AB16C}.Ad-Hoc|iPhoneSimulator.ActiveCfg = Ad-Hoc|iPhoneSimulator
		{89B4A125-A082-4592-81BC-E6DF633AB16C}.Ad-Hoc|iPhoneSimulator.Build.0 = Ad-Hoc|iPhoneSimulator
		{89B4A125-A082-4592-81BC-E6DF633AB16C}.Ad-Hoc|x64.ActiveCfg = Ad-Hoc|iPhone
		{89B4A125-A082-4592-81BC-E6DF633AB16C}.Ad-Hoc|x86.ActiveCfg = Ad-Hoc|iPhone
		{89B4A125-A082-4592-81BC-E6DF633AB16C}.AppStore|Any CPU.ActiveCfg = AppStore|iPhone
		{89B4A125-A082-4592-81BC-E6DF633AB16C}.AppStore|ARM.ActiveCfg = AppStore|iPhone
		{89B4A125-A082-4592-81BC-E6DF633AB16C}.AppStore|iPhone.ActiveCfg = AppStore|iPhone
		{89B4A125-A082-4592-81BC-E6DF633AB16C}.AppStore|iPhone.Build.0 = AppStore|iPhone
		{89B4A125-A082-4592-81BC-E6DF633AB16C}.AppStore|iPhoneSimulator.ActiveCfg = AppStore|iPhoneSimulator
		{89B4A125-A082-4592-81BC-E6DF633AB16C}.AppStore|iPhoneSimulator.Build.0 = AppStore|iPhoneSimulator
		{89B4A125-A082-4592-81BC-E6DF633AB16C}.AppStore|x64.ActiveCfg = AppStore|iPhone
		{89B4A125-A082-4592-81BC-E6DF633AB16C}.AppStore|x86.ActiveCfg = AppStore|iPhone
		{89B4A125-A082-4592-81BC-E6DF633AB16C}.Debug|Any CPU.ActiveCfg = Debug|iPhone
		{89B4A125-A082-4592-81BC-E6DF633AB16C}.Debug|ARM.ActiveCfg = Debug|iPhone
		{89B4A125-A082-4592-81BC-E6DF633AB16C}.Debug|iPhone.ActiveCfg = Debug|iPhone
		{89B4A125-A082-4592-81BC-E6DF633AB16C}.Debug|iPhone.Build.0 = Debug|iPhone
		{89B4A125-A082-4592-81BC-E6DF633AB16C}.Debug|iPhoneSimulator.ActiveCfg = Debug|iPhoneSimulator
		{89B4A125-A082-4592-81BC-E6DF633AB16C}.Debug|iPhoneSimulator.Build.0 = Debug|iPhoneSimulator
		{89B4A125-A082-4592-81BC-E6DF633AB16C}.Debug|x64.ActiveCfg = Debug|iPhone
		{89B4A125-A082-4592-81BC-E6DF633AB16C}.Debug|x86.ActiveCfg = Debug|iPhone
		{89B4A125-A082-4592-81BC-E6DF633AB16C}.Release|Any CPU.ActiveCfg = Release|iPhone
		{89B4A125-A082-4592-81BC-E6DF633AB16C}.Release|ARM.ActiveCfg = Release|iPhone
		{89B4A125-A082-4592-81BC-E6DF633AB16C}.Release|iPhone.ActiveCfg = Release|iPhone
		{89B4A125-A082-4592-81BC-E6DF633AB16C}.Release|iPhone.Build.0 = Release|iPhone
		{89B4A125-A082-4592-81BC-E6DF633AB16C}.Release|iPhoneSimulator.ActiveCfg = Release|iPhoneSimulator
		{89B4A125-A082-4592-81BC-E6DF633AB16C}.Release|iPhoneSimulator.Build.0 = Release|iPhoneSimulator
		{89B4A125-A082-4592-81BC-E6DF633AB16C}.Release|x64.ActiveCfg = Release|iPhone
		{89B4A125-A082-4592-81BC-E6DF633AB16C}.Release|x86.ActiveCfg = Release|iPhone
		{A6782BC6-9FEB-4A63-ADB8-6284E2E218BB}.Ad-Hoc|Any CPU.ActiveCfg = Release|x86
		{A6782BC6-9FEB-4A63-ADB8-6284E2E218BB}.Ad-Hoc|Any CPU.Build.0 = Release|x86
		{A6782BC6-9FEB-4A63-ADB8-6284E2E218BB}.Ad-Hoc|Any CPU.Deploy.0 = Release|x86
		{A6782BC6-9FEB-4A63-ADB8-6284E2E218BB}.Ad-Hoc|ARM.ActiveCfg = Release|ARM
		{A6782BC6-9FEB-4A63-ADB8-6284E2E218BB}.Ad-Hoc|ARM.Build.0 = Release|ARM
		{A6782BC6-9FEB-4A63-ADB8-6284E2E218BB}.Ad-Hoc|ARM.Deploy.0 = Release|ARM
		{A6782BC6-9FEB-4A63-ADB8-6284E2E218BB}.Ad-Hoc|iPhone.ActiveCfg = Release|x86
		{A6782BC6-9FEB-4A63-ADB8-6284E2E218BB}.Ad-Hoc|iPhone.Build.0 = Release|x86
		{A6782BC6-9FEB-4A63-ADB8-6284E2E218BB}.Ad-Hoc|iPhone.Deploy.0 = Release|x86
		{A6782BC6-9FEB-4A63-ADB8-6284E2E218BB}.Ad-Hoc|iPhoneSimulator.ActiveCfg = Release|x86
		{A6782BC6-9FEB-4A63-ADB8-6284E2E218BB}.Ad-Hoc|iPhoneSimulator.Build.0 = Release|x86
		{A6782BC6-9FEB-4A63-ADB8-6284E2E218BB}.Ad-Hoc|iPhoneSimulator.Deploy.0 = Release|x86
		{A6782BC6-9FEB-4A63-ADB8-6284E2E218BB}.Ad-Hoc|x64.ActiveCfg = Release|x64
		{A6782BC6-9FEB-4A63-ADB8-6284E2E218BB}.Ad-Hoc|x64.Build.0 = Release|x64
		{A6782BC6-9FEB-4A63-ADB8-6284E2E218BB}.Ad-Hoc|x64.Deploy.0 = Release|x64
		{A6782BC6-9FEB-4A63-ADB8-6284E2E218BB}.Ad-Hoc|x86.ActiveCfg = Release|x86
		{A6782BC6-9FEB-4A63-ADB8-6284E2E218BB}.Ad-Hoc|x86.Build.0 = Release|x86
		{A6782BC6-9FEB-4A63-ADB8-6284E2E218BB}.Ad-Hoc|x86.Deploy.0 = Release|x86
		{A6782BC6-9FEB-4A63-ADB8-6284E2E218BB}.AppStore|Any CPU.ActiveCfg = Release|x86
		{A6782BC6-9FEB-4A63-ADB8-6284E2E218BB}.AppStore|Any CPU.Build.0 = Release|x86
		{A6782BC6-9FEB-4A63-ADB8-6284E2E218BB}.AppStore|Any CPU.Deploy.0 = Release|x86
		{A6782BC6-9FEB-4A63-ADB8-6284E2E218BB}.AppStore|ARM.ActiveCfg = Release|ARM
		{A6782BC6-9FEB-4A63-ADB8-6284E2E218BB}.AppStore|ARM.Build.0 = Release|ARM
		{A6782BC6-9FEB-4A63-ADB8-6284E2E218BB}.AppStore|ARM.Deploy.0 = Release|ARM
		{A6782BC6-9FEB-4A63-ADB8-6284E2E218BB}.AppStore|iPhone.ActiveCfg = Release|x86
		{A6782BC6-9FEB-4A63-ADB8-6284E2E218BB}.AppStore|iPhone.Build.0 = Release|x86
		{A6782BC6-9FEB-4A63-ADB8-6284E2E218BB}.AppStore|iPhone.Deploy.0 = Release|x86
		{A6782BC6-9FEB-4A63-ADB8-6284E2E218BB}.AppStore|iPhoneSimulator.ActiveCfg = Release|x86
		{A6782BC6-9FEB-4A63-ADB8-6284E2E218BB}.AppStore|iPhoneSimulator.Build.0 = Release|x86
		{A6782BC6-9FEB-4A63-ADB8-6284E2E218BB}.AppStore|iPhoneSimulator.Deploy.0 = Release|x86
		{A6782BC6-9FEB-4A63-ADB8-6284E2E218BB}.AppStore|x64.ActiveCfg = Release|x64
		{A6782BC6-9FEB-4A63-ADB8-6284E2E218BB}.AppStore|x64.Build.0 = Release|x64
		{A6782BC6-9FEB-4A63-ADB8-6284E2E218BB}.AppStore|x64.Deploy.0 = Release|x64
		{A6782BC6-9FEB-4A63-ADB8-6284E2E218BB}.AppStore|x86.ActiveCfg = Release|x86
		{A6782BC6-9FEB-4A63-ADB8-6284E2E218BB}.AppStore|x86.Build.0 = Release|x86
		{A6782BC6-9FEB-4A63-ADB8-6284E2E218BB}.AppStore|x86.Deploy.0 = Release|x86
		{A6782BC6-9FEB-4A63-ADB8-6284E2E218BB}.Debug|Any CPU.ActiveCfg = Debug|x86
		{A6782BC6-9FEB-4A63-ADB8-6284E2E218BB}.Debug|ARM.ActiveCfg = Debug|ARM
		{A6782BC6-9FEB-4A63-ADB8-6284E2E218BB}.Debug|ARM.Build.0 = Debug|ARM
		{A6782BC6-9FEB-4A63-ADB8-6284E2E218BB}.Debug|ARM.Deploy.0 = Debug|ARM
		{A6782BC6-9FEB-4A63-ADB8-6284E2E218BB}.Debug|iPhone.ActiveCfg = Debug|x86
		{A6782BC6-9FEB-4A63-ADB8-6284E2E218BB}.Debug|iPhoneSimulator.ActiveCfg = Debug|x86
		{A6782BC6-9FEB-4A63-ADB8-6284E2E218BB}.Debug|x64.ActiveCfg = Debug|x64
		{A6782BC6-9FEB-4A63-ADB8-6284E2E218BB}.Debug|x64.Build.0 = Debug|x64
		{A6782BC6-9FEB-4A63-ADB8-6284E2E218BB}.Debug|x64.Deploy.0 = Debug|x64
		{A6782BC6-9FEB-4A63-ADB8-6284E2E218BB}.Debug|x86.ActiveCfg = Debug|x86
		{A6782BC6-9FEB-4A63-ADB8-6284E2E218BB}.Debug|x86.Build.0 = Debug|x86
		{A6782BC6-9FEB-4A63-ADB8-6284E2E218BB}.Debug|x86.Deploy.0 = Debug|x86
		{A6782BC6-9FEB-4A63-ADB8-6284E2E218BB}.Release|Any CPU.ActiveCfg = Release|x86
		{A6782BC6-9FEB-4A63-ADB8-6284E2E218BB}.Release|ARM.ActiveCfg = Release|ARM
		{A6782BC6-9FEB-4A63-ADB8-6284E2E218BB}.Release|ARM.Build.0 = Release|ARM
		{A6782BC6-9FEB-4A63-ADB8-6284E2E218BB}.Release|ARM.Deploy.0 = Release|ARM
		{A6782BC6-9FEB-4A63-ADB8-6284E2E218BB}.Release|iPhone.ActiveCfg = Release|x86
		{A6782BC6-9FEB-4A63-ADB8-6284E2E218BB}.Release|iPhoneSimulator.ActiveCfg = Release|x86
		{A6782BC6-9FEB-4A63-ADB8-6284E2E218BB}.Release|x64.ActiveCfg = Release|x64
		{A6782BC6-9FEB-4A63-ADB8-6284E2E218BB}.Release|x64.Build.0 = Release|x64
		{A6782BC6-9FEB-4A63-ADB8-6284E2E218BB}.Release|x64.Deploy.0 = Release|x64
		{A6782BC6-9FEB-4A63-ADB8-6284E2E218BB}.Release|x86.ActiveCfg = Release|x86
		{A6782BC6-9FEB-4A63-ADB8-6284E2E218BB}.Release|x86.Build.0 = Release|x86
		{A6782BC6-9FEB-4A63-ADB8-6284E2E218BB}.Release|x86.Deploy.0 = Release|x86
	EndGlobalSection
	GlobalSection(SolutionProperties) = preSolution
		HideSolutionNode = FALSE
	EndGlobalSection
	GlobalSection(ExtensibilityGlobals) = postSolution
		SolutionGuid = {3CFC6970-D9E1-48A1-AACC-C6CF9EF38E8E}
	EndGlobalSection
EndGlobal
